
Microsoft Visual Studio Solution File, Format Version 12.00
# Visual Studio Version 17
VisualStudioVersion = 17.8.34330.188
MinimumVisualStudioVersion = 10.0.40219.1
Project("{2150E333-8FDC-42A3-9474-1A3956D46DE8}") = "UI", "UI", "{04D45428-9E76-4ED4-A5CA-46C7B19396B6}"
EndProject
Project("{9A19103F-16F7-4668-BE54-9A1E7A4F7556}") = "Desktop.Assistant.Android", "scr\Desktop.Assistant.Android\Desktop.Assistant.Android.csproj", "{FF11BD1E-BA11-44C5-8F75-83BACA8B429A}"
EndProject
Project("{9A19103F-16F7-4668-BE54-9A1E7A4F7556}") = "Desktop.Assistant.Browser", "scr\Desktop.Assistant.Browser\Desktop.Assistant.Browser.csproj", "{4F463F02-187C-4A18-8B41-8F266F26E339}"
EndProject
Project("{9A19103F-16F7-4668-BE54-9A1E7A4F7556}") = "Desktop.Assistant.Desktop", "scr\Desktop.Assistant.Desktop\Desktop.Assistant.Desktop.csproj", "{EF53851C-4472-466C-9FB8-E83BF4C8E404}"
EndProject
Project("{9A19103F-16F7-4668-BE54-9A1E7A4F7556}") = "Desktop.Assistant.iOS", "scr\Desktop.Assistant.iOS\Desktop.Assistant.iOS.csproj", "{BBC603D4-13B3-46C9-8860-39EFF0F8F2A6}"
EndProject
Project("{9A19103F-16F7-4668-BE54-9A1E7A4F7556}") = "Desktop.Assistant", "scr\Desktop.Assistant\Desktop.Assistant.csproj", "{32C8AF76-3163-4AE9-8148-5B68B2BD43AD}"
EndProject
Project("{9A19103F-16F7-4668-BE54-9A1E7A4F7556}") = "Desktop.Assistant.Domain", "scr\Desktop.Assistant.Domain\Desktop.Assistant.Domain.csproj", "{376092D0-1862-45A9-943A-130E20FEFAB0}"
EndProject
Project("{9A19103F-16F7-4668-BE54-9A1E7A4F7556}") = "Desktop.Assistant.Test", "scr\Desktop.Assistant.Test\Desktop.Assistant.Test.csproj", "{76FC8C34-24C9-406A-8B90-B5155F64BFD7}"
EndProject
Global
	GlobalSection(SolutionConfigurationPlatforms) = preSolution
		Debug|Any CPU = Debug|Any CPU
		Release|Any CPU = Release|Any CPU
	EndGlobalSection
	GlobalSection(ProjectConfigurationPlatforms) = postSolution
		{FF11BD1E-BA11-44C5-8F75-83BACA8B429A}.Debug|Any CPU.ActiveCfg = Debug|Any CPU
		{FF11BD1E-BA11-44C5-8F75-83BACA8B429A}.Debug|Any CPU.Build.0 = Debug|Any CPU
		{FF11BD1E-BA11-44C5-8F75-83BACA8B429A}.Debug|Any CPU.Deploy.0 = Debug|Any CPU
		{FF11BD1E-BA11-44C5-8F75-83BACA8B429A}.Release|Any CPU.ActiveCfg = Release|Any CPU
		{FF11BD1E-BA11-44C5-8F75-83BACA8B429A}.Release|Any CPU.Build.0 = Release|Any CPU
		{FF11BD1E-BA11-44C5-8F75-83BACA8B429A}.Release|Any CPU.Deploy.0 = Release|Any CPU
		{4F463F02-187C-4A18-8B41-8F266F26E339}.Debug|Any CPU.ActiveCfg = Debug|Any CPU
		{4F463F02-187C-4A18-8B41-8F266F26E339}.Debug|Any CPU.Build.0 = Debug|Any CPU
		{4F463F02-187C-4A18-8B41-8F266F26E339}.Release|Any CPU.ActiveCfg = Release|Any CPU
		{4F463F02-187C-4A18-8B41-8F266F26E339}.Release|Any CPU.Build.0 = Release|Any CPU
		{EF53851C-4472-466C-9FB8-E83BF4C8E404}.Debug|Any CPU.ActiveCfg = Debug|Any CPU
		{EF53851C-4472-466C-9FB8-E83BF4C8E404}.Debug|Any CPU.Build.0 = Debug|Any CPU
		{EF53851C-4472-466C-9FB8-E83BF4C8E404}.Release|Any CPU.ActiveCfg = Release|Any CPU
		{EF53851C-4472-466C-9FB8-E83BF4C8E404}.Release|Any CPU.Build.0 = Release|Any CPU
		{BBC603D4-13B3-46C9-8860-39EFF0F8F2A6}.Debug|Any CPU.ActiveCfg = Debug|Any CPU
		{BBC603D4-13B3-46C9-8860-39EFF0F8F2A6}.Debug|Any CPU.Build.0 = Debug|Any CPU
		{BBC603D4-13B3-46C9-8860-39EFF0F8F2A6}.Debug|Any CPU.Deploy.0 = Debug|Any CPU
		{BBC603D4-13B3-46C9-8860-39EFF0F8F2A6}.Release|Any CPU.ActiveCfg = Release|Any CPU
		{BBC603D4-13B3-46C9-8860-39EFF0F8F2A6}.Release|Any CPU.Build.0 = Release|Any CPU
		{BBC603D4-13B3-46C9-8860-39EFF0F8F2A6}.Release|Any CPU.Deploy.0 = Release|Any CPU
		{32C8AF76-3163-4AE9-8148-5B68B2BD43AD}.Debug|Any CPU.ActiveCfg = Debug|Any CPU
		{32C8AF76-3163-4AE9-8148-5B68B2BD43AD}.Debug|Any CPU.Build.0 = Debug|Any CPU
		{32C8AF76-3163-4AE9-8148-5B68B2BD43AD}.Release|Any CPU.ActiveCfg = Release|Any CPU
		{32C8AF76-3163-4AE9-8148-5B68B2BD43AD}.Release|Any CPU.Build.0 = Release|Any CPU
		{376092D0-1862-45A9-943A-130E20FEFAB0}.Debug|Any CPU.ActiveCfg = Debug|Any CPU
		{376092D0-1862-45A9-943A-130E20FEFAB0}.Debug|Any CPU.Build.0 = Debug|Any CPU
		{376092D0-1862-45A9-943A-130E20FEFAB0}.Release|Any CPU.ActiveCfg = Release|Any CPU
		{376092D0-1862-45A9-943A-130E20FEFAB0}.Release|Any CPU.Build.0 = Release|Any CPU
		{76FC8C34-24C9-406A-8B90-B5155F64BFD7}.Debug|Any CPU.ActiveCfg = Debug|Any CPU
		{76FC8C34-24C9-406A-8B90-B5155F64BFD7}.Debug|Any CPU.Build.0 = Debug|Any CPU
		{76FC8C34-24C9-406A-8B90-B5155F64BFD7}.Release|Any CPU.ActiveCfg = Release|Any CPU
		{76FC8C34-24C9-406A-8B90-B5155F64BFD7}.Release|Any CPU.Build.0 = Release|Any CPU
	EndGlobalSection
	GlobalSection(SolutionProperties) = preSolution
		HideSolutionNode = FALSE
	EndGlobalSection
	GlobalSection(NestedProjects) = preSolution
		{FF11BD1E-BA11-44C5-8F75-83BACA8B429A} = {04D45428-9E76-4ED4-A5CA-46C7B19396B6}
		{4F463F02-187C-4A18-8B41-8F266F26E339} = {04D45428-9E76-4ED4-A5CA-46C7B19396B6}
		{EF53851C-4472-466C-9FB8-E83BF4C8E404} = {04D45428-9E76-4ED4-A5CA-46C7B19396B6}
		{BBC603D4-13B3-46C9-8860-39EFF0F8F2A6} = {04D45428-9E76-4ED4-A5CA-46C7B19396B6}
	EndGlobalSection
	GlobalSection(ExtensibilityGlobals) = postSolution
		SolutionGuid = {5D0FFDE4-0D2E-4CA5-A5F8-1B2E4585E653}
	EndGlobalSection
EndGlobal
